#MicroXplorer Configuration settings - do not modify
BOOTPATH.BootPathName=LEGACY
BOOTPATH.IPParameters=BootPathName
BOOTPATH.UserSelectedBootPath=LEGACY
CAD.formats=
CAD.pinconfig=
CAD.provider=
CORTEX_M33_NS.userName=CORTEX_M33
ETH.IPParameters=MediaInterface
ETH.MediaInterface=HAL_ETH_RMII_MODE
FILEX.FX_DRIVER_SDMMC_INIT=1
FILEX.FX_SD_INTERFACE=1
FILEX.FX_SRAM_INTERFACE=1
FILEX.IPParameters=FX_SD_INTERFACE,FX_DRIVER_SDMMC_INIT,FX_SRAM_INTERFACE,useRTOS
FILEX.useRTOS=1
File.Version=6
GPIO.groupedBy=Group By Peripherals
I2C1.IPParameters=Timing
I2C1.Timing=0x60808CD3
KeepUserPlacement=false
MMTAppRegionsCount=0
MMTConfigApplied=false
MMTSectionSuffix=_Section
Mcu.CPN=STM32H563ZIT6
Mcu.ContextProject=TrustZoneDisabled
Mcu.Family=STM32H5
Mcu.IP0=BOOTPATH
Mcu.IP1=CORTEX_M33_NS
Mcu.IP10=NVIC
Mcu.IP11=PWR
Mcu.IP12=RCC
Mcu.IP13=RTC
Mcu.IP14=SDMMC1
Mcu.IP15=SPI1
Mcu.IP16=SPI2
Mcu.IP17=SYS
Mcu.IP18=THREADX
Mcu.IP19=USART1
Mcu.IP2=DCACHE1
Mcu.IP20=USB
Mcu.IP3=DEBUG
Mcu.IP4=ETH
Mcu.IP5=FILEX
Mcu.IP6=FMC
Mcu.IP7=I2C1
Mcu.IP8=ICACHE
Mcu.IP9=MEMORYMAP
Mcu.IPNb=21
Mcu.Name=STM32H563ZITx
Mcu.Package=LQFP144
Mcu.Pin0=PE3
Mcu.Pin1=PC14-OSC32_IN(OSC32_IN)
Mcu.Pin10=PF8
Mcu.Pin11=PF9
Mcu.Pin12=PF10
Mcu.Pin13=PH0-OSC_IN(PH0)
Mcu.Pin14=PH1-OSC_OUT(PH1)
Mcu.Pin15=PC0
Mcu.Pin16=PC1
Mcu.Pin17=PC2
Mcu.Pin18=PC3
Mcu.Pin19=PA1
Mcu.Pin2=PC15-OSC32_OUT(OSC32_OUT)
Mcu.Pin20=PA2
Mcu.Pin21=PA5
Mcu.Pin22=PA6
Mcu.Pin23=PA7
Mcu.Pin24=PC4
Mcu.Pin25=PC5
Mcu.Pin26=PB2
Mcu.Pin27=PF11
Mcu.Pin28=PF12
Mcu.Pin29=PF13
Mcu.Pin3=PF0
Mcu.Pin30=PF14
Mcu.Pin31=PF15
Mcu.Pin32=PG0
Mcu.Pin33=PG1
Mcu.Pin34=PE7
Mcu.Pin35=PE8
Mcu.Pin36=PE9
Mcu.Pin37=PE10
Mcu.Pin38=PE11
Mcu.Pin39=PE12
Mcu.Pin4=PF1
Mcu.Pin40=PE13
Mcu.Pin41=PE14
Mcu.Pin42=PE15
Mcu.Pin43=PB10
Mcu.Pin44=PB12
Mcu.Pin45=PB13
Mcu.Pin46=PB14
Mcu.Pin47=PB15
Mcu.Pin48=PD8
Mcu.Pin49=PD9
Mcu.Pin5=PF2
Mcu.Pin50=PD10
Mcu.Pin51=PD11
Mcu.Pin52=PD12
Mcu.Pin53=PD13
Mcu.Pin54=PD14
Mcu.Pin55=PD15
Mcu.Pin56=PG2
Mcu.Pin57=PG3
Mcu.Pin58=PG4
Mcu.Pin59=PG5
Mcu.Pin6=PF3
Mcu.Pin60=PG6
Mcu.Pin61=PG8
Mcu.Pin62=PC6
Mcu.Pin63=PC7
Mcu.Pin64=PC9
Mcu.Pin65=PA8
Mcu.Pin66=PA9
Mcu.Pin67=PA10
Mcu.Pin68=PA11
Mcu.Pin69=PA12
Mcu.Pin7=PF4
Mcu.Pin70=PA13(JTMS/SWDIO)
Mcu.Pin71=PA14(JTCK/SWCLK)
Mcu.Pin72=PC10
Mcu.Pin73=PC11
Mcu.Pin74=PC12
Mcu.Pin75=PD0
Mcu.Pin76=PD1
Mcu.Pin77=PD4
Mcu.Pin78=PD7
Mcu.Pin79=PG11
Mcu.Pin8=PF5
Mcu.Pin80=PG12
Mcu.Pin81=PG14
Mcu.Pin82=PG15
Mcu.Pin83=PB3(JTDO/TRACESWO)
Mcu.Pin84=PB6
Mcu.Pin85=PB7
Mcu.Pin86=VP_CORTEX_M33_NS_VS_Hclk
Mcu.Pin87=VP_DCACHE1_VS_DCACHE
Mcu.Pin88=VP_FILEX_VS_FileOoSystemJjFileXJjCore
Mcu.Pin89=VP_FILEX_VS_InternalOoRAMOointerface
Mcu.Pin9=PF6
Mcu.Pin90=VP_FILEX_VS_SDOointerface
Mcu.Pin91=VP_ICACHE_VS_ENABLE_ICACHE_MEMORY
Mcu.Pin92=VP_PWR_VS_SECSignals
Mcu.Pin93=VP_PWR_VS_LPOM
Mcu.Pin94=VP_RTC_VS_RTC_Activate
Mcu.Pin95=VP_SYS_VS_tim6
Mcu.Pin96=VP_THREADX_VS_RTOSJjThreadXJjCoreJjDefault
Mcu.Pin97=VP_BOOTPATH_VS_BOOTPATH
Mcu.Pin98=VP_MEMORYMAP_VS_MEMORYMAP
Mcu.PinsNb=99
Mcu.ThirdPartyNb=0
Mcu.UserConstants=
Mcu.UserName=STM32H563ZITx
MxCube.Version=6.16.1
MxDb.Version=DB.6.0.161
NVIC.BusFault_IRQn=true\:0\:0\:false\:false\:true\:false\:false\:false\:false
NVIC.DebugMonitor_IRQn=true\:0\:0\:false\:false\:true\:false\:false\:false\:false
NVIC.ForceEnableDMAVector=true
NVIC.HardFault_IRQn=true\:0\:0\:false\:false\:true\:false\:false\:false\:false
NVIC.MemoryManagement_IRQn=true\:0\:0\:false\:false\:true\:false\:false\:false\:false
NVIC.NonMaskableInt_IRQn=true\:0\:0\:false\:false\:true\:false\:false\:false\:false
NVIC.PendSV_IRQn=true\:0\:0\:false\:false\:false\:false\:false\:false\:false
NVIC.PriorityGroup=NVIC_PRIORITYGROUP_4
NVIC.SDMMC1_IRQn=true\:2\:0\:true\:false\:true\:false\:true\:true\:true
NVIC.SVCall_IRQn=true\:0\:0\:false\:false\:false\:false\:false\:false\:false
NVIC.SavedPendsvIrqHandlerGenerated=true
NVIC.SavedSvcallIrqHandlerGenerated=true
NVIC.SavedSystickIrqHandlerGenerated=true
NVIC.SysTick_IRQn=true\:14\:0\:false\:false\:false\:false\:false\:true\:false
NVIC.TIM6_IRQn=true\:15\:0\:true\:false\:true\:false\:false\:true\:true
NVIC.TimeBase=TIM6_IRQn
NVIC.TimeBaseIP=TIM6
NVIC.UsageFault_IRQn=true\:0\:0\:false\:false\:true\:false\:false\:false\:false
PA1.Mode=RMII
PA1.Signal=ETH_REF_CLK
PA10.Mode=Asynchronous
PA10.Signal=USART1_RX
PA11.Mode=Device
PA11.Signal=USB_DM
PA12.Mode=Device
PA12.Signal=USB_DP
PA13(JTMS/SWDIO).Mode=Trace_Asynchronous_SW
PA13(JTMS/SWDIO).Signal=DEBUG_JTMS-SWDIO
PA14(JTCK/SWCLK).Mode=Trace_Asynchronous_SW
PA14(JTCK/SWCLK).Signal=DEBUG_JTCK-SWCLK
PA2.Mode=RMII
PA2.Signal=ETH_MDIO
PA5.Mode=RMII
PA5.Signal=ETH_TX_EN
PA6.Mode=Full_Duplex_Master
PA6.Signal=SPI1_MISO
PA7.Mode=RMII
PA7.Signal=ETH_CRS_DV
PA8.Mode=Clock-out
PA8.Signal=RCC_MCO_1
PA9.Mode=Asynchronous
PA9.Signal=USART1_TX
PB10.GPIOParameters=GPIO_Label
PB10.GPIO_Label=DISPLAY_SCK
PB10.Mode=Full_Duplex_Master
PB10.Signal=SPI2_SCK
PB12.Mode=RMII
PB12.Signal=ETH_TXD0
PB13.Mode=SD_4_bits_Wide_bus
PB13.Signal=SDMMC1_D0
PB14.GPIOParameters=GPIO_Label
PB14.GPIO_Label=DISPLAY_MISO
PB14.Mode=Full_Duplex_Master
PB14.Signal=SPI2_MISO
PB15.GPIOParameters=GPIO_Label
PB15.GPIO_Label=DISPLAY_MOSI
PB15.Mode=Full_Duplex_Master
PB15.Signal=SPI2_MOSI
PB2.Mode=SD_4_bits_Wide_bus
PB2.Signal=SDMMC1_CMD
PB3(JTDO/TRACESWO).Mode=Trace_Asynchronous_SW
PB3(JTDO/TRACESWO).Signal=DEBUG_JTDO-SWO
PB6.Mode=I2C
PB6.Signal=I2C1_SCL
PB7.Mode=I2C
PB7.Signal=I2C1_SDA
PC0.Signal=FMC_SDNWE
PC1.Mode=RMII
PC1.Signal=ETH_MDC
PC10.Mode=SD_4_bits_Wide_bus
PC10.Signal=SDMMC1_D2
PC11.Mode=SD_4_bits_Wide_bus
PC11.Signal=SDMMC1_D3
PC12.Mode=SD_4_bits_Wide_bus
PC12.Signal=SDMMC1_CK
PC14-OSC32_IN(OSC32_IN).Mode=LSE-External-Oscillator
PC14-OSC32_IN(OSC32_IN).Signal=RCC_OSC32_IN
PC15-OSC32_OUT(OSC32_OUT).Mode=LSE-External-Oscillator
PC15-OSC32_OUT(OSC32_OUT).Signal=RCC_OSC32_OUT
PC2.Mode=SdramChipSelect1_1
PC2.Signal=FMC_SDNE0
PC3.Mode=SdramChipSelect1_1
PC3.Signal=FMC_SDCKE0
PC4.Mode=RMII
PC4.Signal=ETH_RXD0
PC5.Mode=RMII
PC5.Signal=ETH_RXD1
PC6.GPIOParameters=GPIO_Label
PC6.GPIO_Label=OUTPUT_0
PC6.Locked=true
PC6.Signal=GPIO_Output
PC7.GPIOParameters=GPIO_Label
PC7.GPIO_Label=OUTPUT_1
PC7.Locked=true
PC7.Signal=GPIO_Output
PC9.Mode=SD_4_bits_Wide_bus
PC9.Signal=SDMMC1_D1
PCC.Checker=false
PCC.Line=STM32H563/H573
PCC.MCU=STM32H563ZITx
PCC.PartNumber=STM32H563ZITx
PCC.Series=STM32H5
PCC.Temperature=25
PCC.Vdd=3.0
PD0.Signal=FMC_D2_DA2
PD1.Signal=FMC_D3_DA3
PD10.Signal=FMC_D15_DA15
PD11.GPIOParameters=GPIO_Label
PD11.GPIO_Label=DISPLAY_RST
PD11.Locked=true
PD11.Signal=GPIO_Output
PD12.GPIOParameters=GPIO_Label
PD12.GPIO_Label=DISPLAY_RS
PD12.Locked=true
PD12.Signal=GPIO_Output
PD13.GPIOParameters=GPIO_Label
PD13.GPIO_Label=DISPLAY_CS
PD13.Locked=true
PD13.Signal=GPIO_Output
PD14.Signal=FMC_D0_DA0
PD15.Signal=FMC_D1_DA1
PD4.GPIOParameters=GPIO_Label
PD4.GPIO_Label=OUTPUT_2
PD4.Locked=true
PD4.Signal=GPIO_Output
PD7.Mode=Full_Duplex_Master
PD7.Signal=SPI1_MOSI
PD8.Signal=FMC_D13_DA13
PD9.Signal=FMC_D14_DA14
PE10.Signal=FMC_D7_DA7
PE11.Signal=FMC_D8_DA8
PE12.Signal=FMC_D9_DA9
PE13.Signal=FMC_D10_DA10
PE14.Signal=FMC_D11_DA11
PE15.Signal=FMC_D12_DA12
PE3.GPIOParameters=GPIO_Label
PE3.GPIO_Label=OUTPUT_3
PE3.Locked=true
PE3.Signal=GPIO_Output
PE7.Signal=FMC_D4_DA4
PE8.Signal=FMC_D5_DA5
PE9.Signal=FMC_D6_DA6
PF0.Signal=FMC_A0
PF1.Signal=FMC_A1
PF10.GPIOParameters=GPIO_Label
PF10.GPIO_Label=OUTPUT_8
PF10.Locked=true
PF10.Signal=GPIO_Output
PF11.Signal=FMC_SDNRAS
PF12.Signal=FMC_A6
PF13.Signal=FMC_A7
PF14.Signal=FMC_A8
PF15.Signal=FMC_A9
PF2.Signal=FMC_A2
PF3.Signal=FMC_A3
PF4.Signal=FMC_A4
PF5.Signal=FMC_A5
PF6.GPIOParameters=GPIO_Label
PF6.GPIO_Label=OUTPUT_4
PF6.Locked=true
PF6.Signal=GPIO_Output
PF8.GPIOParameters=GPIO_Label
PF8.GPIO_Label=OUTPUT_5
PF8.Locked=true
PF8.Signal=GPIO_Output
PF9.GPIOParameters=GPIO_Label
PF9.GPIO_Label=OUTPUT_6
PF9.Locked=true
PF9.Signal=GPIO_Output
PG0.Signal=FMC_A10
PG1.Signal=FMC_A11
PG11.Mode=Full_Duplex_Master
PG11.Signal=SPI1_SCK
PG12.Mode=RMII
PG12.Signal=ETH_TXD1
PG14.GPIOParameters=GPIO_Label
PG14.GPIO_Label=OUTPUT_9
PG14.Locked=true
PG14.Signal=GPIO_Output
PG15.Signal=FMC_SDNCAS
PG2.Signal=FMC_A12
PG3.GPIOParameters=GPIO_Label
PG3.GPIO_Label=DISPLAY_PWM
PG3.Locked=true
PG3.Signal=GPIO_Output
PG4.Signal=FMC_A14_BA0
PG5.Signal=FMC_A15_BA1
PG6.GPIOParameters=GPIO_Label
PG6.GPIO_Label=OUTPUT_7
PG6.Locked=true
PG6.Signal=GPIO_Output
PG8.Signal=FMC_SDCLK
PH0-OSC_IN(PH0).Mode=HSE-External-Oscillator
PH0-OSC_IN(PH0).Signal=RCC_OSC_IN
PH1-OSC_OUT(PH1).Mode=HSE-External-Oscillator
PH1-OSC_OUT(PH1).Signal=RCC_OSC_OUT
PinOutPanel.RotationAngle=0
ProjectManager.AskForMigrate=true
ProjectManager.BackupPrevious=false
ProjectManager.CompilerLinker=GCC
ProjectManager.CompilerOptimize=6
ProjectManager.ComputerToolchain=false
ProjectManager.CoupleFile=false
ProjectManager.CustomerFirmwarePackage=
ProjectManager.DefaultFWLocation=true
ProjectManager.DeletePrevious=true
ProjectManager.DeviceId=STM32H563ZITx
ProjectManager.FirmwarePackage=STM32Cube FW_H5 V1.5.1
ProjectManager.FreePins=false
ProjectManager.FreePinsContext=
ProjectManager.HalAssertFull=false
ProjectManager.HeapSize=0x200
ProjectManager.KeepUserCode=true
ProjectManager.LastFirmware=true
ProjectManager.LibraryCopy=0
ProjectManager.MainLocation=Core/Src
ProjectManager.NoMain=false
ProjectManager.PreviousToolchain=
ProjectManager.ProjectBuild=false
ProjectManager.ProjectFileName=poe.ioc
ProjectManager.ProjectName=poe
ProjectManager.ProjectStructure=
ProjectManager.RegisterCallBack=
ProjectManager.StackSize=0x400
ProjectManager.TargetToolchain=EWARM V9.20
ProjectManager.ToolChainLocation=
ProjectManager.UAScriptAfterPath=
ProjectManager.UAScriptBeforePath=
ProjectManager.UnderRoot=false
ProjectManager.functionlistsort=1-SystemClock_Config-RCC-false-HAL-false,2-MX_GPIO_Init-GPIO-false-HAL-true,3-MX_DCACHE1_Init-DCACHE1-false-HAL-true,4-MX_ETH_Init-ETH-false-HAL-true,5-MX_FMC_Init-FMC-false-HAL-true,6-MX_I2C1_Init-I2C1-false-HAL-true,7-MX_ICACHE_Init-ICACHE-false-HAL-true,8-MX_RTC_Init-RTC-false-HAL-true,9-MX_SDMMC1_SD_Init-SDMMC1-false-HAL-true,10-MX_SPI1_Init-SPI1-false-HAL-true,11-MX_USART1_UART_Init-USART1-false-HAL-true,12-MX_FileX_Init-FILEX-false-HAL-false,13-MX_SPI2_Init-SPI2-false-HAL-true,14-MX_USB_PCD_Init-USB-false-HAL-true,0-MX_CORTEX_M33_NS_Init-CORTEX_M33_NS-false-HAL-true,0-MX_PWR_Init-PWR-false-HAL-true
RCC.ADCFreq_Value=250000000
RCC.AHBFreq_Value=250000000
RCC.APB1Freq_Value=250000000
RCC.APB1TimFreq_Value=250000000
RCC.APB2Freq_Value=250000000
RCC.APB2TimFreq_Value=250000000
RCC.APB3Freq_Value=250000000
RCC.CECFreq_Value=32000
RCC.CKPERFreq_Value=32000000
RCC.CRSFreq_Value=48000000
RCC.CSI_VALUE=4000000
RCC.CortexFreq_Value=250000000
RCC.DACFreq_Value=32768
RCC.EPOD_VALUE=25000000
RCC.ETHFreq_Value=250000000
RCC.FCLKCortexFreq_Value=250000000
RCC.FDCANFreq_Value=25000000
RCC.FamilyName=M
RCC.HCLKFreq_Value=250000000
RCC.HSE_VALUE=25000000
RCC.HSI48_VALUE=48000000
RCC.HSI_VALUE=64000000
RCC.I2C1Freq_Value=250000000
RCC.I2C2Freq_Value=250000000
RCC.I2C3Freq_Value=250000000
RCC.I2C4Freq_Value=250000000
RCC.I3C1Freq_Value=250000000
RCC.IPParameters=ADCFreq_Value,AHBFreq_Value,APB1Freq_Value,APB1TimFreq_Value,APB2Freq_Value,APB2TimFreq_Value,APB3Freq_Value,CECFreq_Value,CKPERFreq_Value,CRSFreq_Value,CSI_VALUE,CortexFreq_Value,DACFreq_Value,EPOD_VALUE,ETHFreq_Value,FCLKCortexFreq_Value,FDCANFreq_Value,FamilyName,HCLKFreq_Value,HSE_VALUE,HSI48_VALUE,HSI_VALUE,I2C1Freq_Value,I2C2Freq_Value,I2C3Freq_Value,I2C4Freq_Value,I3C1Freq_Value,LPTIM1Freq_Value,LPTIM2Freq_Value,LPTIM3Freq_Value,LPTIM4Freq_Value,LPTIM5Freq_Value,LPTIM6Freq_Value,LPUART1Freq_Value,LSCOPinFreq_Value,LSIRC_VALUE,MCO1PinFreq_Value,MCO2PinFreq_Value,OCTOSPIMFreq_Value,PLL2FRACN,PLL2PoutputFreq_Value,PLL2QoutputFreq_Value,PLL2RoutputFreq_Value,PLL2Source,PLL3FRACN,PLL3PoutputFreq_Value,PLL3QoutputFreq_Value,PLL3RoutputFreq_Value,PLL3Source,PLLFRACN,PLLM,PLLN,PLLPoutputFreq_Value,PLLQoutputFreq_Value,PLLSourceVirtual,PWRFreq_Value,RCC_MCO1Source,RNGFreq_Value,RTCClockSelection,RTCFreq_Value,SAI1Freq_Value,SAI2Freq_Value,SDMMC1Freq_Value,SDMMC2Freq_Value,SPI1Freq_Value,SPI2Freq_Value,SPI3Freq_Value,SPI4Freq_Value,SPI5Freq_Value,SPI6Freq_Value,SYSCLKFreq_VALUE,SYSCLKSource,UART12Freq_Value,UART4Freq_Value,UART5Freq_Value,UART7Freq_Value,UART8Freq_Value,UART9Freq_Value,UCPD1outputFreq_Value,USART10Freq_Value,USART11Freq_Value,USART1Freq_Value,USART2Freq_Value,USART3Freq_Value,USART6Freq_Value,USBFreq_Value,VCOInput2Freq_Value,VCOInput3Freq_Value,VCOInputFreq_Value,VCOOutputFreq_Value,VCOPLL2OutputFreq_Value,VCOPLL3OutputFreq_Value
RCC.LPTIM1Freq_Value=250000000
RCC.LPTIM2Freq_Value=250000000
RCC.LPTIM3Freq_Value=250000000
RCC.LPTIM4Freq_Value=250000000
RCC.LPTIM5Freq_Value=250000000
RCC.LPTIM6Freq_Value=250000000
RCC.LPUART1Freq_Value=250000000
RCC.LSCOPinFreq_Value=32000
RCC.LSIRC_VALUE=32000
RCC.MCO1PinFreq_Value=25000000
RCC.MCO2PinFreq_Value=250000000
RCC.OCTOSPIMFreq_Value=250000000
RCC.PLL2FRACN=0
RCC.PLL2PoutputFreq_Value=1612500000
RCC.PLL2QoutputFreq_Value=1612500000
RCC.PLL2RoutputFreq_Value=1612500000
RCC.PLL2Source=RCC_PLL2_SOURCE_HSE
RCC.PLL3FRACN=0
RCC.PLL3PoutputFreq_Value=1612500000
RCC.PLL3QoutputFreq_Value=1612500000
RCC.PLL3RoutputFreq_Value=1612500000
RCC.PLL3Source=RCC_PLL3_SOURCE_HSE
RCC.PLLFRACN=0
RCC.PLLM=2
RCC.PLLN=40
RCC.PLLPoutputFreq_Value=250000000
RCC.PLLQoutputFreq_Value=250000000
RCC.PLLSourceVirtual=RCC_PLL1_SOURCE_HSE
RCC.PWRFreq_Value=250000000
RCC.RCC_MCO1Source=RCC_MCO1SOURCE_HSE
RCC.RNGFreq_Value=48000000
RCC.RTCClockSelection=RCC_RTCCLKSOURCE_LSE
RCC.RTCFreq_Value=32768
RCC.SAI1Freq_Value=1612500000
RCC.SAI2Freq_Value=1612500000
RCC.SDMMC1Freq_Value=250000000
RCC.SDMMC2Freq_Value=250000000
RCC.SPI1Freq_Value=250000000
RCC.SPI2Freq_Value=250000000
RCC.SPI3Freq_Value=250000000
RCC.SPI4Freq_Value=250000000
RCC.SPI5Freq_Value=250000000
RCC.SPI6Freq_Value=250000000
RCC.SYSCLKFreq_VALUE=250000000
RCC.SYSCLKSource=RCC_SYSCLKSOURCE_PLLCLK
RCC.UART12Freq_Value=250000000
RCC.UART4Freq_Value=250000000
RCC.UART5Freq_Value=250000000
RCC.UART7Freq_Value=250000000
RCC.UART8Freq_Value=250000000
RCC.UART9Freq_Value=250000000
RCC.UCPD1outputFreq_Value=8000000
RCC.USART10Freq_Value=250000000
RCC.USART11Freq_Value=250000000
RCC.USART1Freq_Value=250000000
RCC.USART2Freq_Value=250000000
RCC.USART3Freq_Value=250000000
RCC.USART6Freq_Value=250000000
RCC.USBFreq_Value=48000000
RCC.VCOInput2Freq_Value=25000000
RCC.VCOInput3Freq_Value=25000000
RCC.VCOInputFreq_Value=12500000
RCC.VCOOutputFreq_Value=500000000
RCC.VCOPLL2OutputFreq_Value=3225000000
RCC.VCOPLL3OutputFreq_Value=3225000000
SH.FMC_A0.0=FMC_A0,13b-sda1
SH.FMC_A0.ConfNb=1
SH.FMC_A1.0=FMC_A1,13b-sda1
SH.FMC_A1.ConfNb=1
SH.FMC_A10.0=FMC_A10,13b-sda1
SH.FMC_A10.ConfNb=1
SH.FMC_A11.0=FMC_A11,13b-sda1
SH.FMC_A11.ConfNb=1
SH.FMC_A12.0=FMC_A12,13b-sda1
SH.FMC_A12.ConfNb=1
SH.FMC_A14_BA0.0=FMC_BA0,FourSdramBanks1
SH.FMC_A14_BA0.ConfNb=1
SH.FMC_A15_BA1.0=FMC_BA1,FourSdramBanks1
SH.FMC_A15_BA1.ConfNb=1
SH.FMC_A2.0=FMC_A2,13b-sda1
SH.FMC_A2.ConfNb=1
SH.FMC_A3.0=FMC_A3,13b-sda1
SH.FMC_A3.ConfNb=1
SH.FMC_A4.0=FMC_A4,13b-sda1
SH.FMC_A4.ConfNb=1
SH.FMC_A5.0=FMC_A5,13b-sda1
SH.FMC_A5.ConfNb=1
SH.FMC_A6.0=FMC_A6,13b-sda1
SH.FMC_A6.ConfNb=1
SH.FMC_A7.0=FMC_A7,13b-sda1
SH.FMC_A7.ConfNb=1
SH.FMC_A8.0=FMC_A8,13b-sda1
SH.FMC_A8.ConfNb=1
SH.FMC_A9.0=FMC_A9,13b-sda1
SH.FMC_A9.ConfNb=1
SH.FMC_D0_DA0.0=FMC_D0,sd-16b-d1
SH.FMC_D0_DA0.ConfNb=1
SH.FMC_D10_DA10.0=FMC_D10,sd-16b-d1
SH.FMC_D10_DA10.ConfNb=1
SH.FMC_D11_DA11.0=FMC_D11,sd-16b-d1
SH.FMC_D11_DA11.ConfNb=1
SH.FMC_D12_DA12.0=FMC_D12,sd-16b-d1
SH.FMC_D12_DA12.ConfNb=1
SH.FMC_D13_DA13.0=FMC_D13,sd-16b-d1
SH.FMC_D13_DA13.ConfNb=1
SH.FMC_D14_DA14.0=FMC_D14,sd-16b-d1
SH.FMC_D14_DA14.ConfNb=1
SH.FMC_D15_DA15.0=FMC_D15,sd-16b-d1
SH.FMC_D15_DA15.ConfNb=1
SH.FMC_D1_DA1.0=FMC_D1,sd-16b-d1
SH.FMC_D1_DA1.ConfNb=1
SH.FMC_D2_DA2.0=FMC_D2,sd-16b-d1
SH.FMC_D2_DA2.ConfNb=1
SH.FMC_D3_DA3.0=FMC_D3,sd-16b-d1
SH.FMC_D3_DA3.ConfNb=1
SH.FMC_D4_DA4.0=FMC_D4,sd-16b-d1
SH.FMC_D4_DA4.ConfNb=1
SH.FMC_D5_DA5.0=FMC_D5,sd-16b-d1
SH.FMC_D5_DA5.ConfNb=1
SH.FMC_D6_DA6.0=FMC_D6,sd-16b-d1
SH.FMC_D6_DA6.ConfNb=1
SH.FMC_D7_DA7.0=FMC_D7,sd-16b-d1
SH.FMC_D7_DA7.ConfNb=1
SH.FMC_D8_DA8.0=FMC_D8,sd-16b-d1
SH.FMC_D8_DA8.ConfNb=1
SH.FMC_D9_DA9.0=FMC_D9,sd-16b-d1
SH.FMC_D9_DA9.ConfNb=1
SH.FMC_SDCLK.0=FMC_SDCLK,13b-sda1
SH.FMC_SDCLK.ConfNb=1
SH.FMC_SDNCAS.0=FMC_SDNCAS,13b-sda1
SH.FMC_SDNCAS.ConfNb=1
SH.FMC_SDNRAS.0=FMC_SDNRAS,13b-sda1
SH.FMC_SDNRAS.ConfNb=1
SH.FMC_SDNWE.0=FMC_SDNWE,13b-sda1
SH.FMC_SDNWE.ConfNb=1
SPI1.BaudRatePrescaler=SPI_BAUDRATEPRESCALER_2
SPI1.CalculateBaudRate=125.0 MBits/s
SPI1.Direction=SPI_DIRECTION_2LINES
SPI1.IPParameters=VirtualType,Mode,Direction,CalculateBaudRate,BaudRatePrescaler
SPI1.Mode=SPI_MODE_MASTER
SPI1.VirtualType=VM_MASTER
SPI2.CalculateBaudRate=125.0 MBits/s
SPI2.Direction=SPI_DIRECTION_2LINES
SPI2.IPParameters=VirtualType,Mode,Direction,CalculateBaudRate
SPI2.Mode=SPI_MODE_MASTER
SPI2.VirtualType=VM_MASTER
USART1.IPParameters=VirtualMode-Asynchronous
USART1.VirtualMode-Asynchronous=VM_ASYNC
USB.IPParameters=VirtualMode
USB.VirtualMode=Device_Only
VP_BOOTPATH_VS_BOOTPATH.Mode=BP_Activate
VP_BOOTPATH_VS_BOOTPATH.Signal=BOOTPATH_VS_BOOTPATH
VP_CORTEX_M33_NS_VS_Hclk.Mode=Hclk_Mode
VP_CORTEX_M33_NS_VS_Hclk.Signal=CORTEX_M33_NS_VS_Hclk
VP_DCACHE1_VS_DCACHE.Mode=DCACHE_Activate
VP_DCACHE1_VS_DCACHE.Signal=DCACHE1_VS_DCACHE
VP_FILEX_VS_FileOoSystemJjFileXJjCore.Mode=FileX_Core
VP_FILEX_VS_FileOoSystemJjFileXJjCore.Signal=FILEX_VS_FileOoSystemJjFileXJjCore
VP_FILEX_VS_InternalOoRAMOointerface.Mode=Internal_RAM_interface
VP_FILEX_VS_InternalOoRAMOointerface.Signal=FILEX_VS_InternalOoRAMOointerface
VP_FILEX_VS_SDOointerface.Mode=SD_interface
VP_FILEX_VS_SDOointerface.Signal=FILEX_VS_SDOointerface
VP_ICACHE_VS_ENABLE_ICACHE_MEMORY.Mode=Memoryregions
VP_ICACHE_VS_ENABLE_ICACHE_MEMORY.Signal=ICACHE_VS_ENABLE_ICACHE_MEMORY
VP_MEMORYMAP_VS_MEMORYMAP.Mode=CurAppReg
VP_MEMORYMAP_VS_MEMORYMAP.Signal=MEMORYMAP_VS_MEMORYMAP
VP_PWR_VS_LPOM.Mode=PowerOptimisation
VP_PWR_VS_LPOM.Signal=PWR_VS_LPOM
VP_PWR_VS_SECSignals.Mode=Security/Privilege
VP_PWR_VS_SECSignals.Signal=PWR_VS_SECSignals
VP_RTC_VS_RTC_Activate.Mode=RTC_Enabled
VP_RTC_VS_RTC_Activate.Signal=RTC_VS_RTC_Activate
VP_SYS_VS_tim6.Mode=TIM6
VP_SYS_VS_tim6.Signal=SYS_VS_tim6
VP_THREADX_VS_RTOSJjThreadXJjCoreJjDefault.Mode=Core_Default
VP_THREADX_VS_RTOSJjThreadXJjCoreJjDefault.Signal=THREADX_VS_RTOSJjThreadXJjCoreJjDefault
board=custom
